<?xml version="1.0" encoding="utf-8"?>
<Project ToolsVersion="4.0" xmlns="http://schemas.microsoft.com/developer/msbuild/2003">
  <ItemGroup>
    <Filter Include="Source Files">
      <UniqueIdentifier>{4FC737F1-C7A5-4376-A066-2A32D752A2FF}</UniqueIdentifier>
      <Extensions>cpp;c;cc;cxx;c++;cppm;ixx;def;odl;idl;hpj;bat;asm;asmx</Extensions>
    </Filter>
    <Filter Include="Header Files">
      <UniqueIdentifier>{93995380-89BD-4b04-88EB-625FBE52EBFB}</UniqueIdentifier>
      <Extensions>h;hh;hpp;hxx;h++;hm;inl;inc;ipp;xsd</Extensions>
    </Filter>
    <Filter Include="proc">
      <UniqueIdentifier>{7c6c10a6-d07c-4a61-a3e0-d1b77cec1e2a}</UniqueIdentifier>
    </Filter>
    <Filter Include="mem">
      <UniqueIdentifier>{c28ff9cf-e8cb-43d3-bc5e-1709828134f8}</UniqueIdentifier>
    </Filter>
    <Filter Include="game_structs">
      <UniqueIdentifier>{fb5d0b0d-e932-483c-a1cc-665311f5baa1}</UniqueIdentifier>
    </Filter>
    <Filter Include="TD_point">
      <UniqueIdentifier>{76954b33-4fe4-4461-8288-ddd71230b065}</UniqueIdentifier>
    </Filter>
    <Filter Include="Return Codes">
      <UniqueIdentifier>{113fcad2-63da-491c-a84d-79bdaa2264c8}</UniqueIdentifier>
    </Filter>
    <Filter Include="aimbot">
      <UniqueIdentifier>{6639b257-312a-4d7e-badc-e37ad26debbb}</UniqueIdentifier>
    </Filter>
  </ItemGroup>
  <ItemGroup>
    <ClCompile Include="dllmain.c">
      <Filter>Source Files</Filter>
    </ClCompile>
    <ClCompile Include="injectDll.c">
      <Filter>Source Files</Filter>
    </ClCompile>
    <ClCompile Include="mem.c">
      <Filter>mem</Filter>
    </ClCompile>
    <ClCompile Include="proc.c">
      <Filter>proc</Filter>
    </ClCompile>
    <ClCompile Include="angels.c">
      <Filter>aimbot</Filter>
    </ClCompile>
    <ClCompile Include="TD_point.c">
      <Filter>TD_point</Filter>
    </ClCompile>
    <ClCompile Include="return_codes.c">
      <Filter>Return Codes</Filter>
    </ClCompile>
    <ClCompile Include="aimbot.c">
      <Filter>aimbot</Filter>
    </ClCompile>
  </ItemGroup>
  <ItemGroup>
    <ClInclude Include="mem.h">
      <Filter>mem</Filter>
    </ClInclude>
    <ClInclude Include="proc.h">
      <Filter>proc</Filter>
    </ClInclude>
    <ClInclude Include="game_structs.h">
      <Filter>game_structs</Filter>
    </ClInclude>
    <ClInclude Include="angels.h">
      <Filter>aimbot</Filter>
    </ClInclude>
    <ClInclude Include="TD_point.h">
      <Filter>TD_point</Filter>
    </ClInclude>
    <ClInclude Include="return_codes.h">
      <Filter>Return Codes</Filter>
    </ClInclude>
    <ClInclude Include="aimbot.h">
      <Filter>aimbot</Filter>
    </ClInclude>
  </ItemGroup>
</Project>